
Microsoft Visual Studio Solution File, Format Version 12.00
# Visual Studio Version 17
VisualStudioVersion = 17.11.35312.102
MinimumVisualStudioVersion = 10.0.40219.1
Project("{FAE04EC0-301F-11D3-BF4B-00C04F79EFBC}") = "AOCI_Lab02", "AOCI_Lab02\AOCI_Lab02.csproj", "{92A8DBC8-4AE6-4B16-9DDD-E8550B4CE843}"
EndProject
Global
	GlobalSection(SolutionConfigurationPlatforms) = preSolution
		Debug|Any CPU = Debug|Any CPU
		Release|Any CPU = Release|Any CPU
	EndGlobalSection
	GlobalSection(ProjectConfigurationPlatforms) = postSolution
		{92A8DBC8-4AE6-4B16-9DDD-E8550B4CE843}.Debug|Any CPU.ActiveCfg = Debug|Any CPU
		{92A8DBC8-4AE6-4B16-9DDD-E8550B4CE843}.Debug|Any CPU.Build.0 = Debug|Any CPU
		{92A8DBC8-4AE6-4B16-9DDD-E8550B4CE843}.Release|Any CPU.ActiveCfg = Release|Any CPU
		{92A8DBC8-4AE6-4B16-9DDD-E8550B4CE843}.Release|Any CPU.Build.0 = Release|Any CPU
	EndGlobalSection
	GlobalSection(SolutionProperties) = preSolution
		HideSolutionNode = FALSE
	EndGlobalSection
	GlobalSection(ExtensibilityGlobals) = postSolution
		SolutionGuid = {CD55DF0E-2933-4842-9E49-AC3DF57BCB66}
	EndGlobalSection
EndGlobal
